
Microsoft Visual Studio Solution File, Format Version 12.00
Project("{FAE04EC0-301F-11D3-BF4B-00C04F79EFBC}") = "PianoMapper", "PianoMapper\PianoMapper.csproj", "{E09C3DAA-7606-43A3-B206-E86ADBB4D3CC}"
EndProject
Global
	GlobalSection(SolutionConfigurationPlatforms) = preSolution
		Debug|Any CPU = Debug|Any CPU
		Release|Any CPU = Release|Any CPU
	EndGlobalSection
	GlobalSection(ProjectConfigurationPlatforms) = postSolution
		{E09C3DAA-7606-43A3-B206-E86ADBB4D3CC}.Debug|Any CPU.ActiveCfg = Debug|Any CPU
		{E09C3DAA-7606-43A3-B206-E86ADBB4D3CC}.Debug|Any CPU.Build.0 = Debug|Any CPU
		{E09C3DAA-7606-43A3-B206-E86ADBB4D3CC}.Release|Any CPU.ActiveCfg = Release|Any CPU
		{E09C3DAA-7606-43A3-B206-E86ADBB4D3CC}.Release|Any CPU.Build.0 = Release|Any CPU
	EndGlobalSection
EndGlobal
